
Microsoft Visual Studio Solution File, Format Version 12.00
# Visual Studio Version 17
VisualStudioVersion = 17.5.33424.131
MinimumVisualStudioVersion = 10.0.40219.1
Project("{FAE04EC0-301F-11D3-BF4B-00C04F79EFBC}") = "Lab1", "WangYihui-2019211001001315\Lab1.csproj", "{3B6D0573-147F-4FE8-B3C0-00C69FE05C80}"
EndProject
Project("{FAE04EC0-301F-11D3-BF4B-00C04F79EFBC}") = "Lab2", "Lab2\Lab2.csproj", "{8650CEE6-5650-4E12-9DB1-ACEE51294053}"
EndProject
Project("{FAE04EC0-301F-11D3-BF4B-00C04F79EFBC}") = "Lab3", "Lab3\Lab3.csproj", "{86B3BBAF-687D-4905-A02D-A7B5E0D8279E}"
EndProject
Project("{FAE04EC0-301F-11D3-BF4B-00C04F79EFBC}") = "LabAss4", "LabAss4\LabAss4.csproj", "{4629FDE4-0362-457D-AC66-3F77DD3C4E24}"
EndProject
Project("{FAE04EC0-301F-11D3-BF4B-00C04F79EFBC}") = "LabAss5", "LabAss5\LabAss5.csproj", "{1DEB270E-0D4F-4870-AB46-2C4801437EAF}"
EndProject
Project("{FAE04EC0-301F-11D3-BF4B-00C04F79EFBC}") = "LabAss6", "LabAss6\LabAss6.csproj", "{D9FA0FB6-61CA-4B6E-9435-0D4C551A931E}"
EndProject
Global
	GlobalSection(SolutionConfigurationPlatforms) = preSolution
		Debug|Any CPU = Debug|Any CPU
		Release|Any CPU = Release|Any CPU
	EndGlobalSection
	GlobalSection(ProjectConfigurationPlatforms) = postSolution
		{3B6D0573-147F-4FE8-B3C0-00C69FE05C80}.Debug|Any CPU.ActiveCfg = Debug|Any CPU
		{3B6D0573-147F-4FE8-B3C0-00C69FE05C80}.Debug|Any CPU.Build.0 = Debug|Any CPU
		{3B6D0573-147F-4FE8-B3C0-00C69FE05C80}.Release|Any CPU.ActiveCfg = Release|Any CPU
		{3B6D0573-147F-4FE8-B3C0-00C69FE05C80}.Release|Any CPU.Build.0 = Release|Any CPU
		{8650CEE6-5650-4E12-9DB1-ACEE51294053}.Debug|Any CPU.ActiveCfg = Debug|Any CPU
		{8650CEE6-5650-4E12-9DB1-ACEE51294053}.Debug|Any CPU.Build.0 = Debug|Any CPU
		{8650CEE6-5650-4E12-9DB1-ACEE51294053}.Release|Any CPU.ActiveCfg = Release|Any CPU
		{8650CEE6-5650-4E12-9DB1-ACEE51294053}.Release|Any CPU.Build.0 = Release|Any CPU
		{86B3BBAF-687D-4905-A02D-A7B5E0D8279E}.Debug|Any CPU.ActiveCfg = Debug|Any CPU
		{86B3BBAF-687D-4905-A02D-A7B5E0D8279E}.Debug|Any CPU.Build.0 = Debug|Any CPU
		{86B3BBAF-687D-4905-A02D-A7B5E0D8279E}.Release|Any CPU.ActiveCfg = Release|Any CPU
		{86B3BBAF-687D-4905-A02D-A7B5E0D8279E}.Release|Any CPU.Build.0 = Release|Any CPU
		{4629FDE4-0362-457D-AC66-3F77DD3C4E24}.Debug|Any CPU.ActiveCfg = Debug|Any CPU
		{4629FDE4-0362-457D-AC66-3F77DD3C4E24}.Debug|Any CPU.Build.0 = Debug|Any CPU
		{4629FDE4-0362-457D-AC66-3F77DD3C4E24}.Release|Any CPU.ActiveCfg = Release|Any CPU
		{4629FDE4-0362-457D-AC66-3F77DD3C4E24}.Release|Any CPU.Build.0 = Release|Any CPU
		{1DEB270E-0D4F-4870-AB46-2C4801437EAF}.Debug|Any CPU.ActiveCfg = Debug|Any CPU
		{1DEB270E-0D4F-4870-AB46-2C4801437EAF}.Debug|Any CPU.Build.0 = Debug|Any CPU
		{1DEB270E-0D4F-4870-AB46-2C4801437EAF}.Release|Any CPU.ActiveCfg = Release|Any CPU
		{1DEB270E-0D4F-4870-AB46-2C4801437EAF}.Release|Any CPU.Build.0 = Release|Any CPU
		{D9FA0FB6-61CA-4B6E-9435-0D4C551A931E}.Debug|Any CPU.ActiveCfg = Debug|Any CPU
		{D9FA0FB6-61CA-4B6E-9435-0D4C551A931E}.Debug|Any CPU.Build.0 = Debug|Any CPU
		{D9FA0FB6-61CA-4B6E-9435-0D4C551A931E}.Release|Any CPU.ActiveCfg = Release|Any CPU
		{D9FA0FB6-61CA-4B6E-9435-0D4C551A931E}.Release|Any CPU.Build.0 = Release|Any CPU
	EndGlobalSection
	GlobalSection(SolutionProperties) = preSolution
		HideSolutionNode = FALSE
	EndGlobalSection
	GlobalSection(ExtensibilityGlobals) = postSolution
		SolutionGuid = {F28BCD95-3C82-4636-A393-2AE5401B97EE}
	EndGlobalSection
EndGlobal
